
Microsoft Visual Studio Solution File, Format Version 12.00
# Visual Studio Version 17
VisualStudioVersion = 17.8.34309.116
MinimumVisualStudioVersion = 10.0.40219.1
Project("{FAE04EC0-301F-11D3-BF4B-00C04F79EFBC}") = "InformationApp", "InformationApp\InformationApp\InformationApp.csproj", "{33B94155-C050-4144-B686-73C3BA258643}"
EndProject
Project("{FAE04EC0-301F-11D3-BF4B-00C04F79EFBC}") = "InformationApp.Client", "InformationApp\InformationApp.Client\InformationApp.Client.csproj", "{1C162BBB-021F-4064-8B0C-FE9670F0EE9B}"
EndProject
Project("{FAE04EC0-301F-11D3-BF4B-00C04F79EFBC}") = "Domain", "Domain\Domain.csproj", "{67AB29FE-65E2-43F9-92E6-EEB1D47EB7CA}"
EndProject
Project("{FAE04EC0-301F-11D3-BF4B-00C04F79EFBC}") = "ApplicationService", "ApplicationService\ApplicationService.csproj", "{685CE53A-F5CD-4A94-9342-A1DEA375A937}"
EndProject
Project("{FAE04EC0-301F-11D3-BF4B-00C04F79EFBC}") = "Infrastructure", "Infrastructure\Infrastructure.csproj", "{454E9179-8740-44EB-915E-5C6DA931F038}"
EndProject
Global
	GlobalSection(SolutionConfigurationPlatforms) = preSolution
		Debug|Any CPU = Debug|Any CPU
		Release|Any CPU = Release|Any CPU
	EndGlobalSection
	GlobalSection(ProjectConfigurationPlatforms) = postSolution
		{33B94155-C050-4144-B686-73C3BA258643}.Debug|Any CPU.ActiveCfg = Debug|Any CPU
		{33B94155-C050-4144-B686-73C3BA258643}.Debug|Any CPU.Build.0 = Debug|Any CPU
		{33B94155-C050-4144-B686-73C3BA258643}.Release|Any CPU.ActiveCfg = Release|Any CPU
		{33B94155-C050-4144-B686-73C3BA258643}.Release|Any CPU.Build.0 = Release|Any CPU
		{1C162BBB-021F-4064-8B0C-FE9670F0EE9B}.Debug|Any CPU.ActiveCfg = Debug|Any CPU
		{1C162BBB-021F-4064-8B0C-FE9670F0EE9B}.Debug|Any CPU.Build.0 = Debug|Any CPU
		{1C162BBB-021F-4064-8B0C-FE9670F0EE9B}.Release|Any CPU.ActiveCfg = Release|Any CPU
		{1C162BBB-021F-4064-8B0C-FE9670F0EE9B}.Release|Any CPU.Build.0 = Release|Any CPU
		{67AB29FE-65E2-43F9-92E6-EEB1D47EB7CA}.Debug|Any CPU.ActiveCfg = Debug|Any CPU
		{67AB29FE-65E2-43F9-92E6-EEB1D47EB7CA}.Debug|Any CPU.Build.0 = Debug|Any CPU
		{67AB29FE-65E2-43F9-92E6-EEB1D47EB7CA}.Release|Any CPU.ActiveCfg = Release|Any CPU
		{67AB29FE-65E2-43F9-92E6-EEB1D47EB7CA}.Release|Any CPU.Build.0 = Release|Any CPU
		{685CE53A-F5CD-4A94-9342-A1DEA375A937}.Debug|Any CPU.ActiveCfg = Debug|Any CPU
		{685CE53A-F5CD-4A94-9342-A1DEA375A937}.Debug|Any CPU.Build.0 = Debug|Any CPU
		{685CE53A-F5CD-4A94-9342-A1DEA375A937}.Release|Any CPU.ActiveCfg = Release|Any CPU
		{685CE53A-F5CD-4A94-9342-A1DEA375A937}.Release|Any CPU.Build.0 = Release|Any CPU
		{454E9179-8740-44EB-915E-5C6DA931F038}.Debug|Any CPU.ActiveCfg = Debug|Any CPU
		{454E9179-8740-44EB-915E-5C6DA931F038}.Debug|Any CPU.Build.0 = Debug|Any CPU
		{454E9179-8740-44EB-915E-5C6DA931F038}.Release|Any CPU.ActiveCfg = Release|Any CPU
		{454E9179-8740-44EB-915E-5C6DA931F038}.Release|Any CPU.Build.0 = Release|Any CPU
	EndGlobalSection
	GlobalSection(SolutionProperties) = preSolution
		HideSolutionNode = FALSE
	EndGlobalSection
	GlobalSection(ExtensibilityGlobals) = postSolution
		SolutionGuid = {81774764-5F99-45D5-9243-01EF1CBCEAF1}
	EndGlobalSection
EndGlobal
